{
  "object": {
    "pins": [
      {
        "package": "YbridOgg",
        "repositoryURL": "https://github.com/vector-im/ogg-swift.git",
        "state": {
          "branch": null,
          "revision": "803f94f7e2379c41ab0c645b5f95e6c933e73ce0",
          "version": "0.8.1"
        }
      },
      {
        "package": "YbridOpus",
        "repositoryURL": "https://github.com/vector-im/opus-swift",
        "state": {
          "branch": null,
          "revision": "4c1bbe02b2f092f26562eb66fd77995de81abb48",
          "version": "0.8.1"
        }
      }
    ]
  },
  "version": 1
}
