{
  "object": {
    "pins": [
      {
        "package": "YbridOgg",
        "repositoryURL": "https://github.com/ybrid/ogg-swift.git",
        "state": {
          "branch": null,
          "revision": "bed9003d0d014f6237aed3de3a3cf5693ce91e18",
          "version": "0.8.0"
        }
      },
      {
        "package": "YbridOpus",
        "repositoryURL": "https://github.com/ybrid/opus-swift.git",
        "state": {
          "branch": null,
          "revision": "92e76803ce7efc8e8903433cfd5f7f68938534ba",
          "version": "0.8.0"
        }
      }
    ]
  },
  "version": 1
}
